{
  "name": "lib-ts",
  "lockfileVersion": 3,
  "requires": true,
  "packages": {
    "": {
      "workspaces": [
        "option"
      ]
    },
    "node_modules/@arthurgubaidullin/option": {
      "resolved": "option",
      "link": true
    },
    "option": {
      "name": "@arthurgubaidullin/option",
      "version": "0.1.0",
      "license": "MIT"
    }
  }
}
